
Microsoft Visual Studio Solution File, Format Version 12.00
# Visual Studio Version 17
VisualStudioVersion = 17.9.34607.119
MinimumVisualStudioVersion = 10.0.40219.1
Project("{FAE04EC0-301F-11D3-BF4B-00C04F79EFBC}") = "ReactApp1.Server", "ReactApp1.Server\ReactApp1.Server.csproj", "{73EFB482-3EDE-43BF-B54A-181CC5615761}"
EndProject
Project("{54A90642-561A-4BB1-A94E-469ADEE60C69}") = "reactapp1.client", "reactapp1.client\reactapp1.client.esproj", "{503FA2FE-F487-47E8-AF90-254D0C5DC29C}"
EndProject
Global
	GlobalSection(SolutionConfigurationPlatforms) = preSolution
		Debug|Any CPU = Debug|Any CPU
		Release|Any CPU = Release|Any CPU
	EndGlobalSection
	GlobalSection(ProjectConfigurationPlatforms) = postSolution
		{73EFB482-3EDE-43BF-B54A-181CC5615761}.Debug|Any CPU.ActiveCfg = Debug|Any CPU
		{73EFB482-3EDE-43BF-B54A-181CC5615761}.Debug|Any CPU.Build.0 = Debug|Any CPU
		{73EFB482-3EDE-43BF-B54A-181CC5615761}.Release|Any CPU.ActiveCfg = Release|Any CPU
		{73EFB482-3EDE-43BF-B54A-181CC5615761}.Release|Any CPU.Build.0 = Release|Any CPU
		{503FA2FE-F487-47E8-AF90-254D0C5DC29C}.Debug|Any CPU.ActiveCfg = Debug|Any CPU
		{503FA2FE-F487-47E8-AF90-254D0C5DC29C}.Debug|Any CPU.Build.0 = Debug|Any CPU
		{503FA2FE-F487-47E8-AF90-254D0C5DC29C}.Debug|Any CPU.Deploy.0 = Debug|Any CPU
		{503FA2FE-F487-47E8-AF90-254D0C5DC29C}.Release|Any CPU.ActiveCfg = Release|Any CPU
		{503FA2FE-F487-47E8-AF90-254D0C5DC29C}.Release|Any CPU.Build.0 = Release|Any CPU
		{503FA2FE-F487-47E8-AF90-254D0C5DC29C}.Release|Any CPU.Deploy.0 = Release|Any CPU
	EndGlobalSection
	GlobalSection(SolutionProperties) = preSolution
		HideSolutionNode = FALSE
	EndGlobalSection
	GlobalSection(ExtensibilityGlobals) = postSolution
		SolutionGuid = {2032AE01-5693-48EF-80AA-690002FE4128}
	EndGlobalSection
EndGlobal
